{"packages":{"google_drive_v2_api":{"version":"0.1.0","source":"hosted","description":"google_drive_v2_api"},"google_oauth2_client":{"version":"0.2.3","source":"hosted","description":"google_oauth2_client"},"js":{"version":"0.0.15","source":"hosted","description":"js"},"http":{"version":"0.3.4","source":"hosted","description":"http"},"browser":{"version":"0.3.4","source":"hosted","description":"browser"},"unittest":{"version":"0.3.4","source":"hosted","description":"unittest"},"meta":{"version":"0.3.4","source":"hosted","description":"meta"}}}